
Microsoft Visual Studio Solution File, Format Version 12.00
# Visual Studio Version 17
VisualStudioVersion = 17.10.34916.146
MinimumVisualStudioVersion = 10.0.40219.1
Project("{FAE04EC0-301F-11D3-BF4B-00C04F79EFBC}") = "Kafka Consumer", "Kafka Consumer.csproj", "{F5945C3E-AEAB-4694-B1F2-D1426B5D5627}"
EndProject
Global
	GlobalSection(SolutionConfigurationPlatforms) = preSolution
		Debug|Any CPU = Debug|Any CPU
		Release|Any CPU = Release|Any CPU
	EndGlobalSection
	GlobalSection(ProjectConfigurationPlatforms) = postSolution
		{F5945C3E-AEAB-4694-B1F2-D1426B5D5627}.Debug|Any CPU.ActiveCfg = Debug|Any CPU
		{F5945C3E-AEAB-4694-B1F2-D1426B5D5627}.Debug|Any CPU.Build.0 = Debug|Any CPU
		{F5945C3E-AEAB-4694-B1F2-D1426B5D5627}.Release|Any CPU.ActiveCfg = Release|Any CPU
		{F5945C3E-AEAB-4694-B1F2-D1426B5D5627}.Release|Any CPU.Build.0 = Release|Any CPU
	EndGlobalSection
	GlobalSection(SolutionProperties) = preSolution
		HideSolutionNode = FALSE
	EndGlobalSection
	GlobalSection(ExtensibilityGlobals) = postSolution
		SolutionGuid = {8DF99A93-2F4F-4475-87DB-6134B0E541DF}
	EndGlobalSection
EndGlobal
